{
  "name": "cdp-client",
  "version": "2.3.0",
  "lockfileVersion": 1,
  "requires": true,
  "dependencies": {
    "long": {
      "version": "3.2.0",
      "resolved": "https://registry.npmjs.org/long/-/long-3.2.0.tgz",
      "integrity": "sha512-ZYvPPOMqUwPoDsbJaR10iQJYnMuZhRTvHYl62ErLIEX7RgFlziSBUUvrt3OVfc47QlHHpzPZYP17g3Fv7oeJkg==",
      "optional": true
    },
    "protobufjs": {
      "version": "6.0.0",
      "resolved": "https://registry.npmjs.org/protobufjs/-/protobufjs-6.0.0.tgz",
      "integrity": "sha512-Tqwuq4roIGBnWwk8hx0Pfk2ZQh7czCDcbPUXYtwMd9yv5OCAzxo6uGb1oZRYtMAMuuuYeYheA9TRCeI+LIySHg==",
      "requires": {
        "long": "^3.2.0"
      }
    }
  }
}
